// !$*UTF8*$!
{
	archiveVersion = 1;
	classes = {
	};
	objectVersion = 50;
	objects = {

/* Begin PBXBuildFile section */
		D790C1EA2248E39B00FBF64D /* AppDelegate.swift in Sources */ = {isa = PBXBuildFile; fileRef = D790C1E92248E39B00FBF64D /* AppDelegate.swift */; };
		D790C1EC2248E39B00FBF64D /* ViewController.swift in Sources */ = {isa = PBXBuildFile; fileRef = D790C1EB2248E39B00FBF64D /* ViewController.swift */; };
		D790C1EF2248E39B00FBF64D /* Main.storyboard in Resources */ = {isa = PBXBuildFile; fileRef = D790C1ED2248E39B00FBF64D /* Main.storyboard */; };
		D790C1F12248E39D00FBF64D /* Assets.xcassets in Resources */ = {isa = PBXBuildFile; fileRef = D790C1F02248E39D00FBF64D /* Assets.xcassets */; };
		D790C1F42248E39D00FBF64D /* LaunchScreen.storyboard in Resources */ = {isa = PBXBuildFile; fileRef = D790C1F22248E39D00FBF64D /* LaunchScreen.storyboard */; };
/* End PBXBuildFile section */

/* Begin PBXFileReference section */
		D790C1E62248E39B00FBF64D /* showPlaceOnMap.app */ = {isa = PBXFileReference; explicitFileType = wrapper.application; includeInIndex = 0; path = showPlaceOnMap.app; sourceTree = BUILT_PRODUCTS_DIR; };
		D790C1E92248E39B00FBF64D /* AppDelegate.swift */ = {isa = PBXFileReference; lastKnownFileType = sourcecode.swift; path = AppDelegate.swift; sourceTree = "<group>"; };
		D790C1EB2248E39B00FBF64D /* ViewController.swift */ = {isa = PBXFileReference; lastKnownFileType = sourcecode.swift; path = ViewController.swift; sourceTree = "<group>"; };
		D790C1EE2248E39B00FBF64D /* Base */ = {isa = PBXFileReference; lastKnownFileType = file.storyboard; name = Base; path = Base.lproj/Main.storyboard; sourceTree = "<group>"; };
		D790C1F02248E39D00FBF64D /* Assets.xcassets */ = {isa = PBXFileReference; lastKnownFileType = folder.assetcatalog; path = Assets.xcassets; sourceTree = "<group>"; };
		D790C1F32248E39D00FBF64D /* Base */ = {isa = PBXFileReference; lastKnownFileType = file.storyboard; name = Base; path = Base.lproj/LaunchScreen.storyboard; sourceTree = "<group>"; };
		D790C1F52248E39D00FBF64D /* Info.plist */ = {isa = PBXFileReference; lastKnownFileType = text.plist.xml; path = Info.plist; sourceTree = "<group>"; };
/* End PBXFileReference section */

/* Begin PBXFrameworksBuildPhase section */
		D790C1E32248E39B00FBF64D /* Frameworks */ = {
			isa = PBXFrameworksBuildPhase;
			buildActionMask = 2147483647;
			files = (
			);
			runOnlyForDeploymentPostprocessing = 0;
		};
/* End PBXFrameworksBuildPhase section */

/* Begin PBXGroup section */
		D790C1DD2248E39B00FBF64D = {
			isa = PBXGroup;
			children = (
				D790C1E82248E39B00FBF64D /* showPlaceOnMap */,
				D790C1E72248E39B00FBF64D /* Products */,
			);
			sourceTree = "<group>";
		};
		D790C1E72248E39B00FBF64D /* Products */ = {
			isa = PBXGroup;
			children = (
				D790C1E62248E39B00FBF64D /* showPlaceOnMap.app */,
			);
			name = Products;
			sourceTree = "<group>";
		};
		D790C1E82248E39B00FBF64D /* showPlaceOnMap */ = {
			isa = PBXGroup;
			children = (
				D790C1E92248E39B00FBF64D /* AppDelegate.swift */,
				D790C1EB2248E39B00FBF64D /* ViewController.swift */,
				D790C1ED2248E39B00FBF64D /* Main.storyboard */,
				D790C1F02248E39D00FBF64D /* Assets.xcassets */,
				D790C1F22248E39D00FBF64D /* LaunchScreen.storyboard */,
				D790C1F52248E39D00FBF64D /* Info.plist */,
			);
			path = showPlaceOnMap;
			sourceTree = "<group>";
		};
/* End PBXGroup section */

/* Begin PBXNativeTarget section */
		D790C1E52248E39B00FBF64D /* showPlaceOnMap */ = {
			isa = PBXNativeTarget;
			buildConfigurationList = D790C1F82248E39D00FBF64D /* Build configuration list for PBXNativeTarget "showPlaceOnMap" */;
			buildPhases = (
				D790C1E22248E39B00FBF64D /* Sources */,
				D790C1E32248E39B00FBF64D /* Frameworks */,
				D790C1E42248E39B00FBF64D /* Resources */,
			);
			buildRules = (
			);
			dependencies = (
			);
			name = showPlaceOnMap;
			productName = showPlaceOnMap;
			productReference = D790C1E62248E39B00FBF64D /* showPlaceOnMap.app */;
			productType = "com.apple.product-type.application";
		};
/* End PBXNativeTarget section */

/* Begin PBXProject section */
		D790C1DE2248E39B00FBF64D /* Project object */ = {
			isa = PBXProject;
			attributes = {
				LastSwiftUpdateCheck = 1010;
				LastUpgradeCheck = 1010;
				ORGANIZATIONNAME = se.Benjamin.Aronsson;
				TargetAttributes = {
					D790C1E52248E39B00FBF64D = {
						CreatedOnToolsVersion = 10.1;
					};
				};
			};
			buildConfigurationList = D790C1E12248E39B00FBF64D /* Build configuration list for PBXProject "showPlaceOnMap" */;
			compatibilityVersion = "Xcode 9.3";
			developmentRegion = en;
			hasScannedForEncodings = 0;
			knownRegions = (
				en,
				Base,
			);
			mainGroup = D790C1DD2248E39B00FBF64D;
			productRefGroup = D790C1E72248E39B00FBF64D /* Products */;
			projectDirPath = "";
			projectRoot = "";
			targets = (
				D790C1E52248E39B00FBF64D /* showPlaceOnMap */,
			);
		};
/* End PBXProject section */

/* Begin PBXResourcesBuildPhase section */
		D790C1E42248E39B00FBF64D /* Resources */ = {
			isa = PBXResourcesBuildPhase;
			buildActionMask = 2147483647;
			files = (
				D790C1F42248E39D00FBF64D /* LaunchScreen.storyboard in Resources */,
				D790C1F12248E39D00FBF64D /* Assets.xcassets in Resources */,
				D790C1EF2248E39B00FBF64D /* Main.storyboard in Resources */,
			);
			runOnlyForDeploymentPostprocessing = 0;
		};
/* End PBXResourcesBuildPhase section */

/* Begin PBXSourcesBuildPhase section */
		D790C1E22248E39B00FBF64D /* Sources */ = {
			isa = PBXSourcesBuildPhase;
			buildActionMask = 2147483647;
			files = (
				D790C1EC2248E39B00FBF64D /* ViewController.swift in Sources */,
				D790C1EA2248E39B00FBF64D /* AppDelegate.swift in Sources */,
			);
			runOnlyForDeploymentPostprocessing = 0;
		};
/* End PBXSourcesBuildPhase section */

/* Begin PBXVariantGroup section */
		D790C1ED2248E39B00FBF64D /* Main.storyboard */ = {
			isa = PBXVariantGroup;
			children = (
				D790C1EE2248E39B00FBF64D /* Base */,
			);
			name = Main.storyboard;
			sourceTree = "<group>";
		};
		D790C1F22248E39D00FBF64D /* LaunchScreen.storyboard */ = {
			isa = PBXVariantGroup;
			children = (
				D790C1F32248E39D00FBF64D /* Base */,
			);
			name = LaunchScreen.storyboard;
			sourceTree = "<group>";
		};
/* End PBXVariantGroup section */

/* Begin XCBuildConfiguration section */
		D790C1F62248E39D00FBF64D /* Debug */ = {
			isa = XCBuildConfiguration;
			buildSettings = {
				ALWAYS_SEARCH_USER_PATHS = NO;
				CLANG_ANALYZER_NONNULL = YES;
				CLANG_ANALYZER_NUMBER_OBJECT_CONVERSION = YES_AGGRESSIVE;
				CLANG_CXX_LANGUAGE_STANDARD = "gnu++14";
				CLANG_CXX_LIBRARY = "libc++";
				CLANG_ENABLE_MODULES = YES;
				CLANG_ENABLE_OBJC_ARC = YES;
				CLANG_ENABLE_OBJC_WEAK = YES;
				CLANG_WARN_BLOCK_CAPTURE_AUTORELEASING = YES;
				CLANG_WARN_BOOL_CONVERSION = YES;
				CLANG_WARN_COMMA = YES;
				CLANG_WARN_CONSTANT_CONVERSION = YES;
				CLANG_WARN_DEPRECATED_OBJC_IMPLEMENTATIONS = YES;
				CLANG_WARN_DIRECT_OBJC_ISA_USAGE = YES_ERROR;
				CLANG_WARN_DOCUMENTATION_COMMENTS = YES;
				CLANG_WARN_EMPTY_BODY = YES;
				CLANG_WARN_ENUM_CONVERSION = YES;
				CLANG_WARN_INFINITE_RECURSION = YES;
				CLANG_WARN_INT_CONVERSION = YES;
				CLANG_WARN_NON_LITERAL_NULL_CONVERSION = YES;
				CLANG_WARN_OBJC_IMPLICIT_RETAIN_SELF = YES;
				CLANG_WARN_OBJC_LITERAL_CONVERSION = YES;
				CLANG_WARN_OBJC_ROOT_CLASS = YES_ERROR;
				CLANG_WARN_RANGE_LOOP_ANALYSIS = YES;
				CLANG_WARN_STRICT_PROTOTYPES = YES;
				CLANG_WARN_SUSPICIOUS_MOVE = YES;
				CLANG_WARN_UNGUARDED_AVAILABILITY = YES_AGGRESSIVE;
				CLANG_WARN_UNREACHABLE_CODE = YES;
				CLANG_WARN__DUPLICATE_METHOD_MATCH = YES;
				CODE_SIGN_IDENTITY = "iPhone Developer";
				COPY_PHASE_STRIP = NO;
				DEBUG_INFORMATION_FORMAT = dwarf;
				ENABLE_STRICT_OBJC_MSGSEND = YES;
				ENABLE_TESTABILITY = YES;
				GCC_C_LANGUAGE_STANDARD = gnu11;
				GCC_DYNAMIC_NO_PIC = NO;
				GCC_NO_COMMON_BLOCKS = YES;
				GCC_OPTIMIZATION_LEVEL = 0;
				GCC_PREPROCESSOR_DEFINITIONS = (
					"DEBUG=1",
					"$(inherited)",
				);
				GCC_WARN_64_TO_32_BIT_CONVERSION = YES;
				GCC_WARN_ABOUT_RETURN_TYPE = YES_ERROR;
				GCC_WARN_UNDECLARED_SELECTOR = YES;
				GCC_WARN_UNINITIALIZED_AUTOS = YES_AGGRESSIVE;
				GCC_WARN_UNUSED_FUNCTION = YES;
				GCC_WARN_UNUSED_VARIABLE = YES;
				IPHONEOS_DEPLOYMENT_TARGET = 12.1;
				MTL_ENABLE_DEBUG_INFO = INCLUDE_SOURCE;
				MTL_FAST_MATH = YES;
				ONLY_ACTIVE_ARCH = YES;
				SDKROOT = iphoneos;
				SWIFT_ACTIVE_COMPILATION_CONDITIONS = DEBUG;
				SWIFT_OPTIMIZATION_LEVEL = "-Onone";
			};
			name = Debug;
		};
		D790C1F72248E39D00FBF64D /* Release */ = {
			isa = XCBuildConfiguration;
			buildSettings = {
				ALWAYS_SEARCH_USER_PATHS = NO;
				CLANG_ANALYZER_NONNULL = YES;
				CLANG_ANALYZER_NUMBER_OBJECT_CONVERSION = YES_AGGRESSIVE;
				CLANG_CXX_LANGUAGE_STANDARD = "gnu++14";
				CLANG_CXX_LIBRARY = "libc++";
				CLANG_ENABLE_MODULES = YES;
				CLANG_ENABLE_OBJC_ARC = YES;
				CLANG_ENABLE_OBJC_WEAK = YES;
				CLANG_WARN_BLOCK_CAPTURE_AUTORELEASING = YES;
				CLANG_WARN_BOOL_CONVERSION = YES;
				CLANG_WARN_COMMA = YES;
				CLANG_WARN_CONSTANT_CONVERSION = YES;
				CLANG_WARN_DEPRECATED_OBJC_IMPLEMENTATIONS = YES;
				CLANG_WARN_DIRECT_OBJC_ISA_USAGE = YES_ERROR;
				CLANG_WARN_DOCUMENTATION_COMMENTS = YES;
				CLANG_WARN_EMPTY_BODY = YES;
				CLANG_WARN_ENUM_CONVERSION = YES;
				CLANG_WARN_INFINITE_RECURSION = YES;
				CLANG_WARN_INT_CONVERSION = YES;
				CLANG_WARN_NON_LITERAL_NULL_CONVERSION = YES;
				CLANG_WARN_OBJC_IMPLICIT_RETAIN_SELF = YES;
				CLANG_WARN_OBJC_LITERAL_CONVERSION = YES;
				CLANG_WARN_OBJC_ROOT_CLASS = YES_ERROR;
				CLANG_WARN_RANGE_LOOP_ANALYSIS = YES;
				CLANG_WARN_STRICT_PROTOTYPES = YES;
				CLANG_WARN_SUSPICIOUS_MOVE = YES;
				CLANG_WARN_UNGUARDED_AVAILABILITY = YES_AGGRESSIVE;
				CLANG_WARN_UNREACHABLE_CODE = YES;
				CLANG_WARN__DUPLICATE_METHOD_MATCH = YES;
				CODE_SIGN_IDENTITY = "iPhone Developer";
				COPY_PHASE_STRIP = NO;
				DEBUG_INFORMATION_FORMAT = "dwarf-with-dsym";
				ENABLE_NS_ASSERTIONS = NO;
				ENABLE_STRICT_OBJC_MSGSEND = YES;
				GCC_C_LANGUAGE_STANDARD = gnu11;
				GCC_NO_COMMON_BLOCKS = YES;
				GCC_WARN_64_TO_32_BIT_CONVERSION = YES;
				GCC_WARN_ABOUT_RETURN_TYPE = YES_ERROR;
				GCC_WARN_UNDECLARED_SELECTOR = YES;
				GCC_WARN_UNINITIALIZED_AUTOS = YES_AGGRESSIVE;
				GCC_WARN_UNUSED_FUNCTION = YES;
				GCC_WARN_UNUSED_VARIABLE = YES;
				IPHONEOS_DEPLOYMENT_TARGET = 12.1;
				MTL_ENABLE_DEBUG_INFO = NO;
				MTL_FAST_MATH = YES;
				SDKROOT = iphoneos;
				SWIFT_COMPILATION_MODE = wholemodule;
				SWIFT_OPTIMIZATION_LEVEL = "-O";
				VALIDATE_PRODUCT = YES;
			};
			name = Release;
		};
		D790C1F92248E39D00FBF64D /* Debug */ = {
			isa = XCBuildConfiguration;
			buildSettings = {
				ASSETCATALOG_COMPILER_APPICON_NAME = AppIcon;
				CODE_SIGN_STYLE = Automatic;
				DEVELOPMENT_TEAM = 78UHQXFKHW;
				INFOPLIST_FILE = showPlaceOnMap/Info.plist;
				LD_RUNPATH_SEARCH_PATHS = (
					"$(inherited)",
					"@executable_path/Frameworks",
				);
				PRODUCT_BUNDLE_IDENTIFIER = BA.showPlaceOnMap;
				PRODUCT_NAME = "$(TARGET_NAME)";
				SWIFT_VERSION = 4.2;
				TARGETED_DEVICE_FAMILY = "1,2";
			};
			name = Debug;
		};
		D790C1FA2248E39D00FBF64D /* Release */ = {
			isa = XCBuildConfiguration;
			buildSettings = {
				ASSETCATALOG_COMPILER_APPICON_NAME = AppIcon;
				CODE_SIGN_STYLE = Automatic;
				DEVELOPMENT_TEAM = 78UHQXFKHW;
				INFOPLIST_FILE = showPlaceOnMap/Info.plist;
				LD_RUNPATH_SEARCH_PATHS = (
					"$(inherited)",
					"@executable_path/Frameworks",
				);
				PRODUCT_BUNDLE_IDENTIFIER = BA.showPlaceOnMap;
				PRODUCT_NAME = "$(TARGET_NAME)";
				SWIFT_VERSION = 4.2;
				TARGETED_DEVICE_FAMILY = "1,2";
			};
			name = Release;
		};
/* End XCBuildConfiguration section */

/* Begin XCConfigurationList section */
		D790C1E12248E39B00FBF64D /* Build configuration list for PBXProject "showPlaceOnMap" */ = {
			isa = XCConfigurationList;
			buildConfigurations = (
				D790C1F62248E39D00FBF64D /* Debug */,
				D790C1F72248E39D00FBF64D /* Release */,
			);
			defaultConfigurationIsVisible = 0;
			defaultConfigurationName = Release;
		};
		D790C1F82248E39D00FBF64D /* Build configuration list for PBXNativeTarget "showPlaceOnMap" */ = {
			isa = XCConfigurationList;
			buildConfigurations = (
				D790C1F92248E39D00FBF64D /* Debug */,
				D790C1FA2248E39D00FBF64D /* Release */,
			);
			defaultConfigurationIsVisible = 0;
			defaultConfigurationName = Release;
		};
/* End XCConfigurationList section */
	};
	rootObject = D790C1DE2248E39B00FBF64D /* Project object */;
}
